// !$*UTF8*$!
{
	archiveVersion = 1;
	classes = {
	};
	objectVersion = 46;
	objects = {

/* Begin PBXBuildFile section */
		B2E904071B47A70F00237B16 /* plutoTests.swift in Sources */ = {isa = PBXBuildFile; fileRef = B2E904061B47A70F00237B16 /* plutoTests.swift */; };
		BB2ED229A1A6A7F3691AB9EA /* AppDelegate.swift in Sources */ = {isa = PBXBuildFile; fileRef = BB2EDE0DF88BA9FA79579741 /* AppDelegate.swift */; };
		BB2ED4C7FFB61C60EF9701DA /* Utility.swift in Sources */ = {isa = PBXBuildFile; fileRef = BB2ED8442BABAA6612E05558 /* Utility.swift */; };
		BB2ED52950C28B623D24B6D8 /* planet_data.csv in Resources */ = {isa = PBXBuildFile; fileRef = BB2EDEBEB831DE6924EE1F8C /* planet_data.csv */; };
		BB2ED5E1D3A17476EE790422 /* Hubble.swift in Sources */ = {isa = PBXBuildFile; fileRef = BB2ED1ABFACF852E08F2D68A /* Hubble.swift */; };
		BB2ED5E9A780F00475AECF67 /* SpaceBodyData.swift in Sources */ = {isa = PBXBuildFile; fileRef = BB2EDAA90094A7DE5025D9B6 /* SpaceBodyData.swift */; };
		BB2ED6F70CAA0843B735854C /* SpaceBodyNode.swift in Sources */ = {isa = PBXBuildFile; fileRef = BB2ED7266A3031B5C1D45EB3 /* SpaceBodyNode.swift */; };
		BB2ED707863D838AD93133F8 /* Main.storyboard in Resources */ = {isa = PBXBuildFile; fileRef = BB2EDC5F8B2FF91E88BD1000 /* Main.storyboard */; };
		BB2ED8E59F76A063CA97719D /* PlanetDataSource.swift in Sources */ = {isa = PBXBuildFile; fileRef = BB2ED20BC2971B302DD8F01F /* PlanetDataSource.swift */; };
		BB2ED9F63D6D1606D77031AB /* LaunchScreen.xib in Resources */ = {isa = PBXBuildFile; fileRef = BB2EDE4D1BC0DB60E531264A /* LaunchScreen.xib */; };
		BB2EDA1F7A4F98C39A4D1033 /* SkyNode.swift in Sources */ = {isa = PBXBuildFile; fileRef = BB2ED25BD4F5A71F0F2C5FB5 /* SkyNode.swift */; };
		BB2EDBB0A2C5E77680FC5699 /* Images.xcassets in Resources */ = {isa = PBXBuildFile; fileRef = BB2ED774FB031FCBC476EB4B /* Images.xcassets */; };
		BB2EDC1D020CF601A09A5294 /* GameInterfaceView.swift in Sources */ = {isa = PBXBuildFile; fileRef = BB2EDE1C90367AD35AAA97C1 /* GameInterfaceView.swift */; };
		BB2EDC537434C9DD10E1144B /* GameViewController.swift in Sources */ = {isa = PBXBuildFile; fileRef = BB2ED6785ED695EBB5E4CA48 /* GameViewController.swift */; };
		BB2EDEC907EE7B6E14EB5E5F /* CSV.swift in Sources */ = {isa = PBXBuildFile; fileRef = BB2ED6D1B74EC40052D2812C /* CSV.swift */; };
/* End PBXBuildFile section */

/* Begin PBXContainerItemProxy section */
		B2E904011B47A70F00237B16 /* PBXContainerItemProxy */ = {
			isa = PBXContainerItemProxy;
			containerPortal = B2E903E11B47A70E00237B16 /* Project object */;
			proxyType = 1;
			remoteGlobalIDString = B2E903E81B47A70E00237B16;
			remoteInfo = pluto;
		};
/* End PBXContainerItemProxy section */

/* Begin PBXFileReference section */
		B2E903E91B47A70E00237B16 /* pluto.app */ = {isa = PBXFileReference; explicitFileType = wrapper.application; includeInIndex = 0; path = pluto.app; sourceTree = BUILT_PRODUCTS_DIR; };
		B2E903ED1B47A70E00237B16 /* Info.plist */ = {isa = PBXFileReference; lastKnownFileType = text.plist.xml; path = Info.plist; sourceTree = "<group>"; };
		B2E904001B47A70F00237B16 /* plutoTests.xctest */ = {isa = PBXFileReference; explicitFileType = wrapper.cfbundle; includeInIndex = 0; path = plutoTests.xctest; sourceTree = BUILT_PRODUCTS_DIR; };
		B2E904051B47A70F00237B16 /* Info.plist */ = {isa = PBXFileReference; lastKnownFileType = text.plist.xml; path = Info.plist; sourceTree = "<group>"; };
		B2E904061B47A70F00237B16 /* plutoTests.swift */ = {isa = PBXFileReference; lastKnownFileType = sourcecode.swift; path = plutoTests.swift; sourceTree = "<group>"; };
		BB2ED1ABFACF852E08F2D68A /* Hubble.swift */ = {isa = PBXFileReference; fileEncoding = 4; lastKnownFileType = sourcecode.swift; path = Hubble.swift; sourceTree = "<group>"; };
		BB2ED20BC2971B302DD8F01F /* PlanetDataSource.swift */ = {isa = PBXFileReference; fileEncoding = 4; lastKnownFileType = sourcecode.swift; path = PlanetDataSource.swift; sourceTree = "<group>"; };
		BB2ED25BD4F5A71F0F2C5FB5 /* SkyNode.swift */ = {isa = PBXFileReference; fileEncoding = 4; lastKnownFileType = sourcecode.swift; path = SkyNode.swift; sourceTree = "<group>"; };
		BB2ED6785ED695EBB5E4CA48 /* GameViewController.swift */ = {isa = PBXFileReference; fileEncoding = 4; lastKnownFileType = sourcecode.swift; path = GameViewController.swift; sourceTree = "<group>"; };
		BB2ED6D1B74EC40052D2812C /* CSV.swift */ = {isa = PBXFileReference; fileEncoding = 4; lastKnownFileType = sourcecode.swift; path = CSV.swift; sourceTree = "<group>"; };
		BB2ED7266A3031B5C1D45EB3 /* SpaceBodyNode.swift */ = {isa = PBXFileReference; fileEncoding = 4; lastKnownFileType = sourcecode.swift; path = SpaceBodyNode.swift; sourceTree = "<group>"; };
		BB2ED774FB031FCBC476EB4B /* Images.xcassets */ = {isa = PBXFileReference; lastKnownFileType = folder.assetcatalog; path = Images.xcassets; sourceTree = "<group>"; };
		BB2ED8442BABAA6612E05558 /* Utility.swift */ = {isa = PBXFileReference; fileEncoding = 4; lastKnownFileType = sourcecode.swift; path = Utility.swift; sourceTree = "<group>"; };
		BB2EDAA90094A7DE5025D9B6 /* SpaceBodyData.swift */ = {isa = PBXFileReference; fileEncoding = 4; lastKnownFileType = sourcecode.swift; path = SpaceBodyData.swift; sourceTree = "<group>"; };
		BB2EDB39FCAB7011C8FEB855 /* Base */ = {isa = PBXFileReference; lastKnownFileType = file.storyboard; name = Base; path = pluto/Base.lproj/Main.storyboard; sourceTree = SOURCE_ROOT; };
		BB2EDDE89E1C3988930D245C /* Base */ = {isa = PBXFileReference; lastKnownFileType = file.xib; name = Base; path = pluto/Base.lproj/LaunchScreen.xib; sourceTree = SOURCE_ROOT; };
		BB2EDE0DF88BA9FA79579741 /* AppDelegate.swift */ = {isa = PBXFileReference; fileEncoding = 4; lastKnownFileType = sourcecode.swift; path = AppDelegate.swift; sourceTree = "<group>"; };
		BB2EDE1C90367AD35AAA97C1 /* GameInterfaceView.swift */ = {isa = PBXFileReference; fileEncoding = 4; lastKnownFileType = sourcecode.swift; path = GameInterfaceView.swift; sourceTree = "<group>"; };
		BB2EDEBEB831DE6924EE1F8C /* planet_data.csv */ = {isa = PBXFileReference; lastKnownFileType = file.csv; path = planet_data.csv; sourceTree = "<group>"; };
/* End PBXFileReference section */

/* Begin PBXFrameworksBuildPhase section */
		B2E903E61B47A70E00237B16 /* Frameworks */ = {
			isa = PBXFrameworksBuildPhase;
			buildActionMask = 2147483647;
			files = (
			);
			runOnlyForDeploymentPostprocessing = 0;
		};
		B2E903FD1B47A70F00237B16 /* Frameworks */ = {
			isa = PBXFrameworksBuildPhase;
			buildActionMask = 2147483647;
			files = (
			);
			runOnlyForDeploymentPostprocessing = 0;
		};
/* End PBXFrameworksBuildPhase section */

/* Begin PBXGroup section */
		B2E903E01B47A70E00237B16 = {
			isa = PBXGroup;
			children = (
				B2E903EB1B47A70E00237B16 /* pluto */,
				B2E904031B47A70F00237B16 /* plutoTests */,
				B2E903EA1B47A70E00237B16 /* Products */,
			);
			sourceTree = "<group>";
		};
		B2E903EA1B47A70E00237B16 /* Products */ = {
			isa = PBXGroup;
			children = (
				B2E903E91B47A70E00237B16 /* pluto.app */,
				B2E904001B47A70F00237B16 /* plutoTests.xctest */,
			);
			name = Products;
			sourceTree = "<group>";
		};
		B2E903EB1B47A70E00237B16 /* pluto */ = {
			isa = PBXGroup;
			children = (
				B2E903EC1B47A70E00237B16 /* Supporting Files */,
				BB2EDD04B734E32CA09D26AA /* Source */,
				BB2ED40D30BD24139DA85931 /* Assets */,
				BB2EDBDEC5016735AD60F05D /* External */,
			);
			path = pluto;
			sourceTree = "<group>";
		};
		B2E903EC1B47A70E00237B16 /* Supporting Files */ = {
			isa = PBXGroup;
			children = (
				B2E903ED1B47A70E00237B16 /* Info.plist */,
			);
			name = "Supporting Files";
			sourceTree = "<group>";
		};
		B2E904031B47A70F00237B16 /* plutoTests */ = {
			isa = PBXGroup;
			children = (
				B2E904061B47A70F00237B16 /* plutoTests.swift */,
				B2E904041B47A70F00237B16 /* Supporting Files */,
			);
			path = plutoTests;
			sourceTree = "<group>";
		};
		B2E904041B47A70F00237B16 /* Supporting Files */ = {
			isa = PBXGroup;
			children = (
				B2E904051B47A70F00237B16 /* Info.plist */,
			);
			name = "Supporting Files";
			sourceTree = "<group>";
		};
		BB2ED266F6584D751C8A074B /* Models */ = {
			isa = PBXGroup;
			children = (
				BB2EDAA90094A7DE5025D9B6 /* SpaceBodyData.swift */,
				BB2ED20BC2971B302DD8F01F /* PlanetDataSource.swift */,
			);
			path = Models;
			sourceTree = "<group>";
		};
		BB2ED40D30BD24139DA85931 /* Assets */ = {
			isa = PBXGroup;
			children = (
				BB2ED774FB031FCBC476EB4B /* Images.xcassets */,
				BB2EDE4D1BC0DB60E531264A /* LaunchScreen.xib */,
				BB2EDC5F8B2FF91E88BD1000 /* Main.storyboard */,
				BB2EDB0B14DE0C49D14E99F2 /* Data */,
			);
			path = Assets;
			sourceTree = "<group>";
		};
		BB2ED457ABE4DF2CFCD14C6F /* ViewControllers */ = {
			isa = PBXGroup;
			children = (
				BB2ED6785ED695EBB5E4CA48 /* GameViewController.swift */,
			);
			path = ViewControllers;
			sourceTree = "<group>";
		};
		BB2ED531ACCAD40F4B982F02 /* Views */ = {
			isa = PBXGroup;
			children = (
				BB2EDE1C90367AD35AAA97C1 /* GameInterfaceView.swift */,
			);
			path = Views;
			sourceTree = "<group>";
		};
		BB2ED89BF3A6B4B5B3D1AF27 /* Utility */ = {
			isa = PBXGroup;
			children = (
				BB2ED8442BABAA6612E05558 /* Utility.swift */,
			);
			path = Utility;
			sourceTree = "<group>";
		};
		BB2ED89E269A6DA79655411A /* App */ = {
			isa = PBXGroup;
			children = (
				BB2EDE0DF88BA9FA79579741 /* AppDelegate.swift */,
			);
			path = App;
			sourceTree = "<group>";
		};
		BB2EDB0B14DE0C49D14E99F2 /* Data */ = {
			isa = PBXGroup;
			children = (
				BB2EDEBEB831DE6924EE1F8C /* planet_data.csv */,
			);
			path = Data;
			sourceTree = "<group>";
		};
		BB2EDBDEC5016735AD60F05D /* External */ = {
			isa = PBXGroup;
			children = (
				BB2ED6D1B74EC40052D2812C /* CSV.swift */,
			);
			path = External;
			sourceTree = "<group>";
		};
		BB2EDD04B734E32CA09D26AA /* Source */ = {
			isa = PBXGroup;
			children = (
				BB2ED457ABE4DF2CFCD14C6F /* ViewControllers */,
				BB2ED89E269A6DA79655411A /* App */,
				BB2EDE395AA48A46F169279D /* Nodes */,
				BB2ED89BF3A6B4B5B3D1AF27 /* Utility */,
				BB2ED266F6584D751C8A074B /* Models */,
				BB2ED531ACCAD40F4B982F02 /* Views */,
			);
			path = Source;
			sourceTree = "<group>";
		};
		BB2EDE395AA48A46F169279D /* Nodes */ = {
			isa = PBXGroup;
			children = (
				BB2ED1ABFACF852E08F2D68A /* Hubble.swift */,
				BB2ED7266A3031B5C1D45EB3 /* SpaceBodyNode.swift */,
				BB2ED25BD4F5A71F0F2C5FB5 /* SkyNode.swift */,
			);
			path = Nodes;
			sourceTree = "<group>";
		};
/* End PBXGroup section */

/* Begin PBXNativeTarget section */
		B2E903E81B47A70E00237B16 /* pluto */ = {
			isa = PBXNativeTarget;
			buildConfigurationList = B2E9040A1B47A70F00237B16 /* Build configuration list for PBXNativeTarget "pluto" */;
			buildPhases = (
				B2E903E51B47A70E00237B16 /* Sources */,
				B2E903E61B47A70E00237B16 /* Frameworks */,
				B2E903E71B47A70E00237B16 /* Resources */,
			);
			buildRules = (
			);
			dependencies = (
			);
			name = pluto;
			productName = pluto;
			productReference = B2E903E91B47A70E00237B16 /* pluto.app */;
			productType = "com.apple.product-type.application";
		};
		B2E903FF1B47A70F00237B16 /* plutoTests */ = {
			isa = PBXNativeTarget;
			buildConfigurationList = B2E9040D1B47A70F00237B16 /* Build configuration list for PBXNativeTarget "plutoTests" */;
			buildPhases = (
				B2E903FC1B47A70F00237B16 /* Sources */,
				B2E903FD1B47A70F00237B16 /* Frameworks */,
				B2E903FE1B47A70F00237B16 /* Resources */,
			);
			buildRules = (
			);
			dependencies = (
				B2E904021B47A70F00237B16 /* PBXTargetDependency */,
			);
			name = plutoTests;
			productName = plutoTests;
			productReference = B2E904001B47A70F00237B16 /* plutoTests.xctest */;
			productType = "com.apple.product-type.bundle.unit-test";
		};
/* End PBXNativeTarget section */

/* Begin PBXProject section */
		B2E903E11B47A70E00237B16 /* Project object */ = {
			isa = PBXProject;
			attributes = {
				LastSwiftUpdateCheck = 0700;
				LastUpgradeCheck = 0630;
				ORGANIZATIONNAME = "John Sparks";
				TargetAttributes = {
					B2E903E81B47A70E00237B16 = {
						CreatedOnToolsVersion = 6.3.2;
						DevelopmentTeam = R83MTNZF23;
					};
					B2E903FF1B47A70F00237B16 = {
						CreatedOnToolsVersion = 6.3.2;
						TestTargetID = B2E903E81B47A70E00237B16;
					};
				};
			};
			buildConfigurationList = B2E903E41B47A70E00237B16 /* Build configuration list for PBXProject "pluto" */;
			compatibilityVersion = "Xcode 3.2";
			developmentRegion = English;
			hasScannedForEncodings = 0;
			knownRegions = (
				en,
				Base,
			);
			mainGroup = B2E903E01B47A70E00237B16;
			productRefGroup = B2E903EA1B47A70E00237B16 /* Products */;
			projectDirPath = "";
			projectRoot = "";
			targets = (
				B2E903E81B47A70E00237B16 /* pluto */,
				B2E903FF1B47A70F00237B16 /* plutoTests */,
			);
		};
/* End PBXProject section */

/* Begin PBXResourcesBuildPhase section */
		B2E903E71B47A70E00237B16 /* Resources */ = {
			isa = PBXResourcesBuildPhase;
			buildActionMask = 2147483647;
			files = (
				BB2EDBB0A2C5E77680FC5699 /* Images.xcassets in Resources */,
				BB2ED9F63D6D1606D77031AB /* LaunchScreen.xib in Resources */,
				BB2ED707863D838AD93133F8 /* Main.storyboard in Resources */,
				BB2ED52950C28B623D24B6D8 /* planet_data.csv in Resources */,
			);
			runOnlyForDeploymentPostprocessing = 0;
		};
		B2E903FE1B47A70F00237B16 /* Resources */ = {
			isa = PBXResourcesBuildPhase;
			buildActionMask = 2147483647;
			files = (
			);
			runOnlyForDeploymentPostprocessing = 0;
		};
/* End PBXResourcesBuildPhase section */

/* Begin PBXSourcesBuildPhase section */
		B2E903E51B47A70E00237B16 /* Sources */ = {
			isa = PBXSourcesBuildPhase;
			buildActionMask = 2147483647;
			files = (
				BB2EDC537434C9DD10E1144B /* GameViewController.swift in Sources */,
				BB2ED229A1A6A7F3691AB9EA /* AppDelegate.swift in Sources */,
				BB2ED5E1D3A17476EE790422 /* Hubble.swift in Sources */,
				BB2ED4C7FFB61C60EF9701DA /* Utility.swift in Sources */,
				BB2EDEC907EE7B6E14EB5E5F /* CSV.swift in Sources */,
				BB2ED5E9A780F00475AECF67 /* SpaceBodyData.swift in Sources */,
				BB2ED6F70CAA0843B735854C /* SpaceBodyNode.swift in Sources */,
				BB2EDC1D020CF601A09A5294 /* GameInterfaceView.swift in Sources */,
				BB2EDA1F7A4F98C39A4D1033 /* SkyNode.swift in Sources */,
				BB2ED8E59F76A063CA97719D /* PlanetDataSource.swift in Sources */,
			);
			runOnlyForDeploymentPostprocessing = 0;
		};
		B2E903FC1B47A70F00237B16 /* Sources */ = {
			isa = PBXSourcesBuildPhase;
			buildActionMask = 2147483647;
			files = (
				B2E904071B47A70F00237B16 /* plutoTests.swift in Sources */,
			);
			runOnlyForDeploymentPostprocessing = 0;
		};
/* End PBXSourcesBuildPhase section */

/* Begin PBXTargetDependency section */
		B2E904021B47A70F00237B16 /* PBXTargetDependency */ = {
			isa = PBXTargetDependency;
			target = B2E903E81B47A70E00237B16 /* pluto */;
			targetProxy = B2E904011B47A70F00237B16 /* PBXContainerItemProxy */;
		};
/* End PBXTargetDependency section */

/* Begin PBXVariantGroup section */
		BB2EDC5F8B2FF91E88BD1000 /* Main.storyboard */ = {
			isa = PBXVariantGroup;
			children = (
				BB2EDB39FCAB7011C8FEB855 /* Base */,
			);
			name = Main.storyboard;
			sourceTree = "<group>";
		};
		BB2EDE4D1BC0DB60E531264A /* LaunchScreen.xib */ = {
			isa = PBXVariantGroup;
			children = (
				BB2EDDE89E1C3988930D245C /* Base */,
			);
			name = LaunchScreen.xib;
			sourceTree = "<group>";
		};
/* End PBXVariantGroup section */

/* Begin XCBuildConfiguration section */
		B2E904081B47A70F00237B16 /* Debug */ = {
			isa = XCBuildConfiguration;
			buildSettings = {
				ALWAYS_SEARCH_USER_PATHS = NO;
				CLANG_CXX_LANGUAGE_STANDARD = "gnu++0x";
				CLANG_CXX_LIBRARY = "libc++";
				CLANG_ENABLE_MODULES = YES;
				CLANG_ENABLE_OBJC_ARC = YES;
				CLANG_WARN_BOOL_CONVERSION = YES;
				CLANG_WARN_CONSTANT_CONVERSION = YES;
				CLANG_WARN_DIRECT_OBJC_ISA_USAGE = YES_ERROR;
				CLANG_WARN_EMPTY_BODY = YES;
				CLANG_WARN_ENUM_CONVERSION = YES;
				CLANG_WARN_INT_CONVERSION = YES;
				CLANG_WARN_OBJC_ROOT_CLASS = YES_ERROR;
				CLANG_WARN_UNREACHABLE_CODE = YES;
				CLANG_WARN__DUPLICATE_METHOD_MATCH = YES;
				"CODE_SIGN_IDENTITY[sdk=iphoneos*]" = "iPhone Developer";
				COPY_PHASE_STRIP = NO;
				DEBUG_INFORMATION_FORMAT = "dwarf-with-dsym";
				ENABLE_STRICT_OBJC_MSGSEND = YES;
				GCC_C_LANGUAGE_STANDARD = gnu99;
				GCC_DYNAMIC_NO_PIC = NO;
				GCC_NO_COMMON_BLOCKS = YES;
				GCC_OPTIMIZATION_LEVEL = 0;
				GCC_PREPROCESSOR_DEFINITIONS = (
					"DEBUG=1",
					"$(inherited)",
				);
				GCC_SYMBOLS_PRIVATE_EXTERN = NO;
				GCC_WARN_64_TO_32_BIT_CONVERSION = YES;
				GCC_WARN_ABOUT_RETURN_TYPE = YES_ERROR;
				GCC_WARN_UNDECLARED_SELECTOR = YES;
				GCC_WARN_UNINITIALIZED_AUTOS = YES_AGGRESSIVE;
				GCC_WARN_UNUSED_FUNCTION = YES;
				GCC_WARN_UNUSED_VARIABLE = YES;
				IPHONEOS_DEPLOYMENT_TARGET = 8.3;
				MTL_ENABLE_DEBUG_INFO = YES;
				ONLY_ACTIVE_ARCH = YES;
				SDKROOT = iphoneos;
				SWIFT_OPTIMIZATION_LEVEL = "-Onone";
				TARGETED_DEVICE_FAMILY = "1,2";
			};
			name = Debug;
		};
		B2E904091B47A70F00237B16 /* Release */ = {
			isa = XCBuildConfiguration;
			buildSettings = {
				ALWAYS_SEARCH_USER_PATHS = NO;
				CLANG_CXX_LANGUAGE_STANDARD = "gnu++0x";
				CLANG_CXX_LIBRARY = "libc++";
				CLANG_ENABLE_MODULES = YES;
				CLANG_ENABLE_OBJC_ARC = YES;
				CLANG_WARN_BOOL_CONVERSION = YES;
				CLANG_WARN_CONSTANT_CONVERSION = YES;
				CLANG_WARN_DIRECT_OBJC_ISA_USAGE = YES_ERROR;
				CLANG_WARN_EMPTY_BODY = YES;
				CLANG_WARN_ENUM_CONVERSION = YES;
				CLANG_WARN_INT_CONVERSION = YES;
				CLANG_WARN_OBJC_ROOT_CLASS = YES_ERROR;
				CLANG_WARN_UNREACHABLE_CODE = YES;
				CLANG_WARN__DUPLICATE_METHOD_MATCH = YES;
				"CODE_SIGN_IDENTITY[sdk=iphoneos*]" = "iPhone Developer";
				COPY_PHASE_STRIP = NO;
				DEBUG_INFORMATION_FORMAT = "dwarf-with-dsym";
				ENABLE_NS_ASSERTIONS = NO;
				ENABLE_STRICT_OBJC_MSGSEND = YES;
				GCC_C_LANGUAGE_STANDARD = gnu99;
				GCC_NO_COMMON_BLOCKS = YES;
				GCC_WARN_64_TO_32_BIT_CONVERSION = YES;
				GCC_WARN_ABOUT_RETURN_TYPE = YES_ERROR;
				GCC_WARN_UNDECLARED_SELECTOR = YES;
				GCC_WARN_UNINITIALIZED_AUTOS = YES_AGGRESSIVE;
				GCC_WARN_UNUSED_FUNCTION = YES;
				GCC_WARN_UNUSED_VARIABLE = YES;
				IPHONEOS_DEPLOYMENT_TARGET = 8.3;
				MTL_ENABLE_DEBUG_INFO = NO;
				SDKROOT = iphoneos;
				TARGETED_DEVICE_FAMILY = "1,2";
				VALIDATE_PRODUCT = YES;
			};
			name = Release;
		};
		B2E9040B1B47A70F00237B16 /* Debug */ = {
			isa = XCBuildConfiguration;
			buildSettings = {
				ASSETCATALOG_COMPILER_APPICON_NAME = AppIcon;
				CODE_SIGN_IDENTITY = "iPhone Developer";
				"CODE_SIGN_IDENTITY[sdk=iphoneos*]" = "iPhone Developer";
				INFOPLIST_FILE = pluto/Info.plist;
				LD_RUNPATH_SEARCH_PATHS = "$(inherited) @executable_path/Frameworks";
				PRODUCT_NAME = "$(TARGET_NAME)";
				PROVISIONING_PROFILE = "";
				SWIFT_WHOLE_MODULE_OPTIMIZATION = NO;
			};
			name = Debug;
		};
		B2E9040C1B47A70F00237B16 /* Release */ = {
			isa = XCBuildConfiguration;
			buildSettings = {
				ASSETCATALOG_COMPILER_APPICON_NAME = AppIcon;
				CODE_SIGN_IDENTITY = "iPhone Developer";
				"CODE_SIGN_IDENTITY[sdk=iphoneos*]" = "iPhone Developer";
				INFOPLIST_FILE = pluto/Info.plist;
				LD_RUNPATH_SEARCH_PATHS = "$(inherited) @executable_path/Frameworks";
				PRODUCT_NAME = "$(TARGET_NAME)";
				PROVISIONING_PROFILE = "";
				SWIFT_WHOLE_MODULE_OPTIMIZATION = NO;
			};
			name = Release;
		};
		B2E9040E1B47A70F00237B16 /* Debug */ = {
			isa = XCBuildConfiguration;
			buildSettings = {
				BUNDLE_LOADER = "$(TEST_HOST)";
				FRAMEWORK_SEARCH_PATHS = (
					"$(SDKROOT)/Developer/Library/Frameworks",
					"$(inherited)",
				);
				GCC_PREPROCESSOR_DEFINITIONS = (
					"DEBUG=1",
					"$(inherited)",
				);
				INFOPLIST_FILE = plutoTests/Info.plist;
				LD_RUNPATH_SEARCH_PATHS = "$(inherited) @executable_path/Frameworks @loader_path/Frameworks";
				PRODUCT_NAME = "$(TARGET_NAME)";
				TEST_HOST = "$(BUILT_PRODUCTS_DIR)/pluto.app/pluto";
			};
			name = Debug;
		};
		B2E9040F1B47A70F00237B16 /* Release */ = {
			isa = XCBuildConfiguration;
			buildSettings = {
				BUNDLE_LOADER = "$(TEST_HOST)";
				FRAMEWORK_SEARCH_PATHS = (
					"$(SDKROOT)/Developer/Library/Frameworks",
					"$(inherited)",
				);
				INFOPLIST_FILE = plutoTests/Info.plist;
				LD_RUNPATH_SEARCH_PATHS = "$(inherited) @executable_path/Frameworks @loader_path/Frameworks";
				PRODUCT_NAME = "$(TARGET_NAME)";
				TEST_HOST = "$(BUILT_PRODUCTS_DIR)/pluto.app/pluto";
			};
			name = Release;
		};
/* End XCBuildConfiguration section */

/* Begin XCConfigurationList section */
		B2E903E41B47A70E00237B16 /* Build configuration list for PBXProject "pluto" */ = {
			isa = XCConfigurationList;
			buildConfigurations = (
				B2E904081B47A70F00237B16 /* Debug */,
				B2E904091B47A70F00237B16 /* Release */,
			);
			defaultConfigurationIsVisible = 0;
			defaultConfigurationName = Release;
		};
		B2E9040A1B47A70F00237B16 /* Build configuration list for PBXNativeTarget "pluto" */ = {
			isa = XCConfigurationList;
			buildConfigurations = (
				B2E9040B1B47A70F00237B16 /* Debug */,
				B2E9040C1B47A70F00237B16 /* Release */,
			);
			defaultConfigurationIsVisible = 0;
			defaultConfigurationName = Release;
		};
		B2E9040D1B47A70F00237B16 /* Build configuration list for PBXNativeTarget "plutoTests" */ = {
			isa = XCConfigurationList;
			buildConfigurations = (
				B2E9040E1B47A70F00237B16 /* Debug */,
				B2E9040F1B47A70F00237B16 /* Release */,
			);
			defaultConfigurationIsVisible = 0;
			defaultConfigurationName = Release;
		};
/* End XCConfigurationList section */
	};
	rootObject = B2E903E11B47A70E00237B16 /* Project object */;
}
